{
  "pins" : [
    {
      "identity" : "ios-training",
      "kind" : "remoteSourceControl",
      "location" : "https://github.com/yumemi-inc/ios-training.git",
      "state" : {
        "branch" : "main",
        "revision" : "c4b99ce6ac61d9e4857a21c44666084e3d5ad917"
      }
    }
  ],
  "version" : 2
}
